
Microsoft Visual Studio Solution File, Format Version 12.00
# Visual Studio Version 16
VisualStudioVersion = 16.0.32228.343
MinimumVisualStudioVersion = 10.0.40219.1
Project("{FAE04EC0-301F-11D3-BF4B-00C04F79EFBC}") = "CompanyCoreLib", "CompanyCoreLib\CompanyCoreLib.csproj", "{FEA3A75D-7E53-4400-84E5-F8D809AF2CA3}"
EndProject
Global
	GlobalSection(SolutionConfigurationPlatforms) = preSolution
		Debug|Any CPU = Debug|Any CPU
		Release|Any CPU = Release|Any CPU
	EndGlobalSection
	GlobalSection(ProjectConfigurationPlatforms) = postSolution
		{FEA3A75D-7E53-4400-84E5-F8D809AF2CA3}.Debug|Any CPU.ActiveCfg = Debug|Any CPU
		{FEA3A75D-7E53-4400-84E5-F8D809AF2CA3}.Debug|Any CPU.Build.0 = Debug|Any CPU
		{FEA3A75D-7E53-4400-84E5-F8D809AF2CA3}.Release|Any CPU.ActiveCfg = Release|Any CPU
		{FEA3A75D-7E53-4400-84E5-F8D809AF2CA3}.Release|Any CPU.Build.0 = Release|Any CPU
	EndGlobalSection
	GlobalSection(SolutionProperties) = preSolution
		HideSolutionNode = FALSE
	EndGlobalSection
	GlobalSection(ExtensibilityGlobals) = postSolution
		SolutionGuid = {C7FC9B31-CB98-4B11-8814-902B3C74604A}
	EndGlobalSection
EndGlobal
